
Microsoft Visual Studio Solution File, Format Version 12.00
# Visual Studio Version 17
VisualStudioVersion = 17.2.32422.2
MinimumVisualStudioVersion = 10.0.40219.1
Project("{FAE04EC0-301F-11D3-BF4B-00C04F79EFBC}") = "Rabbb.Functional", "Rabbb.Functional\Rabbb.Functional.csproj", "{FC2737F9-F8F2-49BF-A48B-50E29D9359AF}"
EndProject
Global
	GlobalSection(SolutionConfigurationPlatforms) = preSolution
		Debug|Any CPU = Debug|Any CPU
		Release|Any CPU = Release|Any CPU
	EndGlobalSection
	GlobalSection(ProjectConfigurationPlatforms) = postSolution
		{FC2737F9-F8F2-49BF-A48B-50E29D9359AF}.Debug|Any CPU.ActiveCfg = Debug|Any CPU
		{FC2737F9-F8F2-49BF-A48B-50E29D9359AF}.Debug|Any CPU.Build.0 = Debug|Any CPU
		{FC2737F9-F8F2-49BF-A48B-50E29D9359AF}.Release|Any CPU.ActiveCfg = Release|Any CPU
		{FC2737F9-F8F2-49BF-A48B-50E29D9359AF}.Release|Any CPU.Build.0 = Release|Any CPU
	EndGlobalSection
	GlobalSection(SolutionProperties) = preSolution
		HideSolutionNode = FALSE
	EndGlobalSection
	GlobalSection(ExtensibilityGlobals) = postSolution
		SolutionGuid = {1D6A4FE5-7162-4942-88C0-1440438EADC8}
	EndGlobalSection
EndGlobal
